
Microsoft Visual Studio Solution File, Format Version 12.00
# Visual Studio Version 17
VisualStudioVersion = 17.14.36310.24 d17.14
MinimumVisualStudioVersion = 10.0.40219.1
Project("{FAE04EC0-301F-11D3-BF4B-00C04F79EFBC}") = "TestControl", "TestControl\TestControl.csproj", "{448466DB-3E0F-4D72-BEF4-FF3B7F80A3F5}"
EndProject
Global
	GlobalSection(SolutionConfigurationPlatforms) = preSolution
		Debug|Any CPU = Debug|Any CPU
		Release|Any CPU = Release|Any CPU
	EndGlobalSection
	GlobalSection(ProjectConfigurationPlatforms) = postSolution
		{448466DB-3E0F-4D72-BEF4-FF3B7F80A3F5}.Debug|Any CPU.ActiveCfg = Debug|Any CPU
		{448466DB-3E0F-4D72-BEF4-FF3B7F80A3F5}.Debug|Any CPU.Build.0 = Debug|Any CPU
		{448466DB-3E0F-4D72-BEF4-FF3B7F80A3F5}.Release|Any CPU.ActiveCfg = Release|Any CPU
		{448466DB-3E0F-4D72-BEF4-FF3B7F80A3F5}.Release|Any CPU.Build.0 = Release|Any CPU
	EndGlobalSection
	GlobalSection(SolutionProperties) = preSolution
		HideSolutionNode = FALSE
	EndGlobalSection
	GlobalSection(ExtensibilityGlobals) = postSolution
		SolutionGuid = {CEB9A7A3-571F-4692-BA42-4114B9B16213}
	EndGlobalSection
EndGlobal
