
Microsoft Visual Studio Solution File, Format Version 12.00
# Visual Studio Version 17
VisualStudioVersion = 17.14.36310.24 d17.14
MinimumVisualStudioVersion = 10.0.40219.1
Project("{FAE04EC0-301F-11D3-BF4B-00C04F79EFBC}") = "MovieDemo", "MovieDemo\MovieDemo.csproj", "{C394CEFE-69BF-4D18-85C0-51CDF48170D0}"
EndProject
Global
	GlobalSection(SolutionConfigurationPlatforms) = preSolution
		Debug|Any CPU = Debug|Any CPU
		Release|Any CPU = Release|Any CPU
	EndGlobalSection
	GlobalSection(ProjectConfigurationPlatforms) = postSolution
		{C394CEFE-69BF-4D18-85C0-51CDF48170D0}.Debug|Any CPU.ActiveCfg = Debug|Any CPU
		{C394CEFE-69BF-4D18-85C0-51CDF48170D0}.Debug|Any CPU.Build.0 = Debug|Any CPU
		{C394CEFE-69BF-4D18-85C0-51CDF48170D0}.Release|Any CPU.ActiveCfg = Release|Any CPU
		{C394CEFE-69BF-4D18-85C0-51CDF48170D0}.Release|Any CPU.Build.0 = Release|Any CPU
	EndGlobalSection
	GlobalSection(SolutionProperties) = preSolution
		HideSolutionNode = FALSE
	EndGlobalSection
	GlobalSection(ExtensibilityGlobals) = postSolution
		SolutionGuid = {8B713B59-8324-4F54-BC12-F9BB77357FFC}
	EndGlobalSection
EndGlobal
