
Microsoft Visual Studio Solution File, Format Version 12.00
# Visual Studio Version 17
VisualStudioVersion = 17.14.36310.24 d17.14
MinimumVisualStudioVersion = 10.0.40219.1
Project("{FAE04EC0-301F-11D3-BF4B-00C04F79EFBC}") = "NavPage", "NavPage\NavPage.csproj", "{51FD5F0F-F063-4681-B8D1-A18F56009081}"
EndProject
Global
	GlobalSection(SolutionConfigurationPlatforms) = preSolution
		Debug|Any CPU = Debug|Any CPU
		Release|Any CPU = Release|Any CPU
	EndGlobalSection
	GlobalSection(ProjectConfigurationPlatforms) = postSolution
		{51FD5F0F-F063-4681-B8D1-A18F56009081}.Debug|Any CPU.ActiveCfg = Debug|Any CPU
		{51FD5F0F-F063-4681-B8D1-A18F56009081}.Debug|Any CPU.Build.0 = Debug|Any CPU
		{51FD5F0F-F063-4681-B8D1-A18F56009081}.Release|Any CPU.ActiveCfg = Release|Any CPU
		{51FD5F0F-F063-4681-B8D1-A18F56009081}.Release|Any CPU.Build.0 = Release|Any CPU
	EndGlobalSection
	GlobalSection(SolutionProperties) = preSolution
		HideSolutionNode = FALSE
	EndGlobalSection
	GlobalSection(ExtensibilityGlobals) = postSolution
		SolutionGuid = {24AAF902-DB31-4144-8D51-883B7A4C37B0}
	EndGlobalSection
EndGlobal
