
Microsoft Visual Studio Solution File, Format Version 12.00
# Visual Studio Version 17
VisualStudioVersion = 17.14.36310.24 d17.14
MinimumVisualStudioVersion = 10.0.40219.1
Project("{FAE04EC0-301F-11D3-BF4B-00C04F79EFBC}") = "LogDemo", "LogDemo\LogDemo.csproj", "{53824CCB-2ED5-4C48-A46A-2CA250CA642C}"
EndProject
Global
	GlobalSection(SolutionConfigurationPlatforms) = preSolution
		Debug|Any CPU = Debug|Any CPU
		Release|Any CPU = Release|Any CPU
	EndGlobalSection
	GlobalSection(ProjectConfigurationPlatforms) = postSolution
		{53824CCB-2ED5-4C48-A46A-2CA250CA642C}.Debug|Any CPU.ActiveCfg = Debug|Any CPU
		{53824CCB-2ED5-4C48-A46A-2CA250CA642C}.Debug|Any CPU.Build.0 = Debug|Any CPU
		{53824CCB-2ED5-4C48-A46A-2CA250CA642C}.Release|Any CPU.ActiveCfg = Release|Any CPU
		{53824CCB-2ED5-4C48-A46A-2CA250CA642C}.Release|Any CPU.Build.0 = Release|Any CPU
	EndGlobalSection
	GlobalSection(SolutionProperties) = preSolution
		HideSolutionNode = FALSE
	EndGlobalSection
	GlobalSection(ExtensibilityGlobals) = postSolution
		SolutionGuid = {471089D0-6755-48F5-B6BD-407D7A3BEEC1}
	EndGlobalSection
EndGlobal
